{
  "name": "madome-workflows",
  "lockfileVersion": 3,
  "requires": true,
  "packages": {
    "": {
      "name": "madome-workflows",
      "dependencies": {
        "gaji": "^1.1.0"
      }
    },
    "node_modules/@gaji/darwin-arm64": {
      "version": "1.1.0",
      "resolved": "https://registry.npmjs.org/@gaji/darwin-arm64/-/darwin-arm64-1.1.0.tgz",
      "integrity": "sha512-ikHnuEt40LNWV7Rel9qQ/ysL0M/aqpRd0TCGMzMN2rTR/1WGRILPLRs2JF8Gl6xRp0j2sEM3xMfhOALVotGA5w==",
      "cpu": [
        "arm64"
      ],
      "license": "MIT",
      "optional": true,
      "os": [
        "darwin"
      ]
    },
    "node_modules/@gaji/darwin-x64": {
      "version": "1.1.0",
      "resolved": "https://registry.npmjs.org/@gaji/darwin-x64/-/darwin-x64-1.1.0.tgz",
      "integrity": "sha512-G0y81lvqO+3nkVNnaQEmwZlVl2aacIijTg9RYE7qWdcx58o1l+OO7YcD1Vgs2J0GJWVG1OpymjWFAbM40zC1Yg==",
      "cpu": [
        "x64"
      ],
      "license": "MIT",
      "optional": true,
      "os": [
        "darwin"
      ]
    },
    "node_modules/@gaji/linux-arm64": {
      "version": "1.1.0",
      "resolved": "https://registry.npmjs.org/@gaji/linux-arm64/-/linux-arm64-1.1.0.tgz",
      "integrity": "sha512-Y7uhvhXi1cJPh1Ujc5QPjW3seUfVFDmJBGI103b8cE9jxeUZ+wUb1yeEKUpDMVC+YlI61Jtj1rB9li+8ZOk/Ew==",
      "cpu": [
        "arm64"
      ],
      "license": "MIT",
      "optional": true,
      "os": [
        "linux"
      ]
    },
    "node_modules/@gaji/linux-x64": {
      "version": "1.1.0",
      "resolved": "https://registry.npmjs.org/@gaji/linux-x64/-/linux-x64-1.1.0.tgz",
      "integrity": "sha512-VHb4Mh0Eb24fhxmghoCe9abzmwq0H/30s7WD0sHJ58YFP20JKKMlZd/br2WGAARCuLtBOxZyRAepwF9BqbQZ5A==",
      "cpu": [
        "x64"
      ],
      "license": "MIT",
      "optional": true,
      "os": [
        "linux"
      ]
    },
    "node_modules/@gaji/win32-x64": {
      "version": "1.1.0",
      "resolved": "https://registry.npmjs.org/@gaji/win32-x64/-/win32-x64-1.1.0.tgz",
      "integrity": "sha512-cW1x4e57YlbZCNuTG6XAjs/x4vSSmgBQJlemRufYIqSRNdEMF0uCggICaycQx2TITv7DV67r6KMsjLrKjx48TA==",
      "cpu": [
        "x64"
      ],
      "license": "MIT",
      "optional": true,
      "os": [
        "win32"
      ]
    },
    "node_modules/gaji": {
      "version": "1.1.0",
      "resolved": "https://registry.npmjs.org/gaji/-/gaji-1.1.0.tgz",
      "integrity": "sha512-qzUukFd165T70a/cDV8Eh+MSW+tQ5OBAgii6qlWzpS1/fZ4BFbD32ZO+5/lByaQZQCXfkh38yfjG/AjhmlqDAg==",
      "hasInstallScript": true,
      "license": "MIT",
      "bin": {
        "gaji": "bin/gaji.js"
      },
      "optionalDependencies": {
        "@gaji/darwin-arm64": "1.1.0",
        "@gaji/darwin-x64": "1.1.0",
        "@gaji/linux-arm64": "1.1.0",
        "@gaji/linux-x64": "1.1.0",
        "@gaji/win32-x64": "1.1.0"
      }
    }
  }
}
